
Microsoft Visual Studio Solution File, Format Version 12.00
# Visual Studio Version 17
VisualStudioVersion = 17.9.34607.119
MinimumVisualStudioVersion = 10.0.40219.1
Project("{FAE04EC0-301F-11D3-BF4B-00C04F79EFBC}") = "Lab7Ex1", "Lab7Ex1\Lab7Ex1.csproj", "{0A4ED753-6DFA-478F-9D1F-DAD08A997D2D}"
EndProject
Global
	GlobalSection(SolutionConfigurationPlatforms) = preSolution
		Debug|Any CPU = Debug|Any CPU
		Release|Any CPU = Release|Any CPU
	EndGlobalSection
	GlobalSection(ProjectConfigurationPlatforms) = postSolution
		{0A4ED753-6DFA-478F-9D1F-DAD08A997D2D}.Debug|Any CPU.ActiveCfg = Debug|Any CPU
		{0A4ED753-6DFA-478F-9D1F-DAD08A997D2D}.Debug|Any CPU.Build.0 = Debug|Any CPU
		{0A4ED753-6DFA-478F-9D1F-DAD08A997D2D}.Release|Any CPU.ActiveCfg = Release|Any CPU
		{0A4ED753-6DFA-478F-9D1F-DAD08A997D2D}.Release|Any CPU.Build.0 = Release|Any CPU
	EndGlobalSection
	GlobalSection(SolutionProperties) = preSolution
		HideSolutionNode = FALSE
	EndGlobalSection
	GlobalSection(ExtensibilityGlobals) = postSolution
		SolutionGuid = {1A4B59DA-88C0-434B-9630-8A6895BD1ACE}
	EndGlobalSection
EndGlobal
